
Microsoft Visual Studio Solution File, Format Version 12.00
# Visual Studio 14
VisualStudioVersion = 14.0.24720.0
MinimumVisualStudioVersion = 10.0.40219.1
Project("{FAE04EC0-301F-11D3-BF4B-00C04F79EFBC}") = "GlitzhomeB2BTool", "GlitzhomeB2BTool\GlitzhomeB2BTool.csproj", "{EC57DC8F-3B16-42B3-A6E7-51E1E24A2639}"
EndProject
Global
	GlobalSection(SolutionConfigurationPlatforms) = preSolution
		Debug|Any CPU = Debug|Any CPU
		Release|Any CPU = Release|Any CPU
	EndGlobalSection
	GlobalSection(ProjectConfigurationPlatforms) = postSolution
		{EC57DC8F-3B16-42B3-A6E7-51E1E24A2639}.Debug|Any CPU.ActiveCfg = Debug|Any CPU
		{EC57DC8F-3B16-42B3-A6E7-51E1E24A2639}.Debug|Any CPU.Build.0 = Debug|Any CPU
		{EC57DC8F-3B16-42B3-A6E7-51E1E24A2639}.Release|Any CPU.ActiveCfg = Release|Any CPU
		{EC57DC8F-3B16-42B3-A6E7-51E1E24A2639}.Release|Any CPU.Build.0 = Release|Any CPU
	EndGlobalSection
	GlobalSection(SolutionProperties) = preSolution
		HideSolutionNode = FALSE
	EndGlobalSection
EndGlobal
